{
  "version": 4,
  "terraform_version": "1.5.2",
  "serial": 28,
  "lineage": "3fc0c1fa-02bd-3f03-9c71-41176506711d",
  "outputs": {},
  "resources": [
    {
      "mode": "data",
      "type": "azurerm_client_config",
      "name": "current",
      "provider": "provider[\"registry.terraform.io/hashicorp/azurerm\"]",
      "instances": [
        {
          "schema_version": 0,
          "attributes": {
            "client_id": "04b07795-8ddb-461a-bbee-02f9e1bf7b46",
            "id": "Y2xpZW50Q29uZmlncy9jbGllbnRJZD0wNGIwNzc5NS04ZGRiLTQ2MWEtYmJlZS0wMmY5ZTFiZjdiNDY7b2JqZWN0SWQ9MGQ2ZjRhNjYtOTIzMS00NTIwLTk1ZjktYTE2Y2ExNzFkYTQ3O3N1YnNjcmlwdGlvbklkPTExN2Q0YmJhLTU4NWUtNGMzZS05ZGM5LWI1NzU4NmRmODAyYjt0ZW5hbnRJZD0zY2MwZjk3MC1hMzA2LTQ0YmYtYWE3ZS1iNjZjNDMzN2QwYWU=",
            "object_id": "0d6f4a66-9231-4520-95f9-a16ca171da47",
            "subscription_id": "117d4bba-585e-4c3e-9dc9-b57586df802b",
            "tenant_id": "3cc0f970-a306-44bf-aa7e-b66c4337d0ae",
            "timeouts": null
          },
          "sensitive_attributes": []
        }
      ]
    },
    {
      "mode": "managed",
      "type": "azurerm_key_vault",
      "name": "this",
      "provider": "provider[\"registry.terraform.io/hashicorp/azurerm\"]",
      "instances": [
        {
          "schema_version": 2,
          "attributes": {
            "access_policy": [
              {
                "application_id": "",
                "certificate_permissions": null,
                "key_permissions": [
                  "Get",
                  "Create"
                ],
                "object_id": "0d6f4a66-9231-4520-95f9-a16ca171da47",
                "secret_permissions": [
                  "Get",
                  "Set",
                  "List"
                ],
                "storage_permissions": null,
                "tenant_id": "3cc0f970-a306-44bf-aa7e-b66c4337d0ae"
              }
            ],
            "contact": [],
            "enable_rbac_authorization": false,
            "enabled_for_deployment": false,
            "enabled_for_disk_encryption": true,
            "enabled_for_template_deployment": false,
            "id": "/subscriptions/117d4bba-585e-4c3e-9dc9-b57586df802b/resourceGroups/key-vault-RG/providers/Microsoft.KeyVault/vaults/key-vault-uyi",
            "location": "eastus2",
            "name": "key-vault-uyi",
            "network_acls": [
              {
                "bypass": "AzureServices",
                "default_action": "Allow",
                "ip_rules": [],
                "virtual_network_subnet_ids": []
              }
            ],
            "public_network_access_enabled": true,
            "purge_protection_enabled": false,
            "resource_group_name": "key-vault-RG",
            "sku_name": "standard",
            "soft_delete_retention_days": 7,
            "tags": null,
            "tenant_id": "3cc0f970-a306-44bf-aa7e-b66c4337d0ae",
            "timeouts": null,
            "vault_uri": "https://key-vault-uyi.vault.azure.net/"
          },
          "sensitive_attributes": [],
          "private": "eyJlMmJmYjczMC1lY2FhLTExZTYtOGY4OC0zNDM2M2JjN2M0YzAiOnsiY3JlYXRlIjoxODAwMDAwMDAwMDAwLCJkZWxldGUiOjE4MDAwMDAwMDAwMDAsInJlYWQiOjMwMDAwMDAwMDAwMCwidXBkYXRlIjoxODAwMDAwMDAwMDAwfSwic2NoZW1hX3ZlcnNpb24iOiIyIn0=",
          "dependencies": [
            "azurerm_resource_group.this",
            "data.azurerm_client_config.current"
          ]
        }
      ]
    },
    {
      "mode": "managed",
      "type": "azurerm_resource_group",
      "name": "this",
      "provider": "provider[\"registry.terraform.io/hashicorp/azurerm\"]",
      "instances": [
        {
          "schema_version": 0,
          "attributes": {
            "id": "/subscriptions/117d4bba-585e-4c3e-9dc9-b57586df802b/resourceGroups/key-vault-RG",
            "location": "eastus2",
            "managed_by": "",
            "name": "key-vault-RG",
            "tags": null,
            "timeouts": null
          },
          "sensitive_attributes": [],
          "private": "eyJlMmJmYjczMC1lY2FhLTExZTYtOGY4OC0zNDM2M2JjN2M0YzAiOnsiY3JlYXRlIjo1NDAwMDAwMDAwMDAwLCJkZWxldGUiOjU0MDAwMDAwMDAwMDAsInJlYWQiOjMwMDAwMDAwMDAwMCwidXBkYXRlIjo1NDAwMDAwMDAwMDAwfX0="
        }
      ]
    }
  ],
  "check_results": null
}
